PODS:
  - Alamofire (5.7.1)
  - FloatingPanel (2.6.5)
  - GoogleWebRTC (1.1.32000)
  - KeychainAccess (4.2.2)
  - MarqueeLabel (4.0.5)
  - NotificationBannerSwift (3.0.6):
    - MarqueeLabel (~> 4.0.5)
    - SnapKit (~> 5.0.1)
  - SnapKit (5.0.1)
  - Starscream (3.0.6)

DEPENDENCIES:
  - Alamofire
  - FloatingPanel
  - GoogleWebRTC
  - KeychainAccess (~> 4.2.0)
  - NotificationBannerSwift (~> 3.0.0)
  - SnapKit
  - Starscream (~> 3.0.2)

SPEC REPOS:
  trunk:
    - Alamofire
    - FloatingPanel
    - GoogleWebRTC
    - KeychainAccess
    - MarqueeLabel
    - NotificationBannerSwift
    - SnapKit
    - Starscream

SPEC CHECKSUMS:
  Alamofire: 0123a34370cb170936ae79a8df46cc62b2edeb88
  FloatingPanel: cd924b71f05f14586260e83b3b52edbf5eb73340
  GoogleWebRTC: 4d261187b30512efdb711d21fa961a6adf138717
  KeychainAccess: c0c4f7f38f6fc7bbe58f5702e25f7bd2f65abf51
  MarqueeLabel: 00cc0bcd087111dca575878b3531af980559707d
  NotificationBannerSwift: 7021be2338f8f29cf424b0aca43da462bf9e2a1a
  SnapKit: 97b92857e3df3a0c71833cce143274bf6ef8e5eb
  Starscream: ef3ece99d765eeccb67de105bfa143f929026cf5

PODFILE CHECKSUM: c89c41dd21d5c7910db9f446fd75de80811af8df

COCOAPODS: 1.11.3
