// !$*UTF8*$!
{
	archiveVersion = 1;
	classes = {
	};
	objectVersion = 55;
	objects = {

/* Begin PBXBuildFile section */
		510E559729CDB3E700D6638C /* MicrophoneMonitor.swift in Sources */ = {isa = PBXBuildFile; fileRef = 510E559629CDB3E700D6638C /* MicrophoneMonitor.swift */; };
		510F997529BB4E2600B34C72 /* BaseLayer.swift in Sources */ = {isa = PBXBuildFile; fileRef = 510F997429BB4E2600B34C72 /* BaseLayer.swift */; };
		510F997929BD0D8600B34C72 /* BackgroundView.swift in Sources */ = {isa = PBXBuildFile; fileRef = 510F997829BD0D8600B34C72 /* BackgroundView.swift */; };
		510F997B29BD10C700B34C72 /* RadialGradientLayer.swift in Sources */ = {isa = PBXBuildFile; fileRef = 510F997A29BD10C700B34C72 /* RadialGradientLayer.swift */; };
		510F997D29BD347800B34C72 /* ContentableView.swift in Sources */ = {isa = PBXBuildFile; fileRef = 510F997C29BD347800B34C72 /* ContentableView.swift */; };
		510F998529BE0D9400B34C72 /* LiquidView.swift in Sources */ = {isa = PBXBuildFile; fileRef = 510F998429BE0D9400B34C72 /* LiquidView.swift */; };
		510F998729BE10E400B34C72 /* LiquidLayer.swift in Sources */ = {isa = PBXBuildFile; fileRef = 510F998629BE10E400B34C72 /* LiquidLayer.swift */; };
		510F998A29BE1B6B00B34C72 /* UIBezierPath+Extensions.swift in Sources */ = {isa = PBXBuildFile; fileRef = 510F998929BE1B6B00B34C72 /* UIBezierPath+Extensions.swift */; };
		510F998C29BE1E7E00B34C72 /* CGPath+Extensions.swift in Sources */ = {isa = PBXBuildFile; fileRef = 510F998B29BE1E7E00B34C72 /* CGPath+Extensions.swift */; };
		51307E3529C07DDE0080EE05 /* Media.xcassets in Resources */ = {isa = PBXBuildFile; fileRef = 51307E3429C07DDE0080EE05 /* Media.xcassets */; };
		51307E3729C0963D0080EE05 /* UIView+Extensions.swift in Sources */ = {isa = PBXBuildFile; fileRef = 51307E3629C0963D0080EE05 /* UIView+Extensions.swift */; };
		51307E3929C0997C0080EE05 /* CALayer+Extensions.swift in Sources */ = {isa = PBXBuildFile; fileRef = 51307E3829C0997C0080EE05 /* CALayer+Extensions.swift */; };
		51307E3C29C0A9AE0080EE05 /* DotLayer.swift in Sources */ = {isa = PBXBuildFile; fileRef = 51307E3B29C0A9AE0080EE05 /* DotLayer.swift */; };
		51307E3E29C0AA3A0080EE05 /* DotsView.swift in Sources */ = {isa = PBXBuildFile; fileRef = 51307E3D29C0AA3A0080EE05 /* DotsView.swift */; };
		51307E4029C0AF740080EE05 /* StatusView.swift in Sources */ = {isa = PBXBuildFile; fileRef = 51307E3F29C0AF740080EE05 /* StatusView.swift */; };
		51307E4229C0B99A0080EE05 /* AllStatusView.swift in Sources */ = {isa = PBXBuildFile; fileRef = 51307E4129C0B99A0080EE05 /* AllStatusView.swift */; };
		51307E4429C0DE590080EE05 /* NetworkView.swift in Sources */ = {isa = PBXBuildFile; fileRef = 51307E4329C0DE590080EE05 /* NetworkView.swift */; };
		51307E4729C0DEBC0080EE05 /* NetworkAnimatableView.swift in Sources */ = {isa = PBXBuildFile; fileRef = 51307E4629C0DEBC0080EE05 /* NetworkAnimatableView.swift */; };
		51307E4B29C0DFBA0080EE05 /* BaseNetworkView.swift in Sources */ = {isa = PBXBuildFile; fileRef = 51307E4A29C0DFBA0080EE05 /* BaseNetworkView.swift */; };
		51307E4D29C0E4980080EE05 /* BaseNetworkLayer.swift in Sources */ = {isa = PBXBuildFile; fileRef = 51307E4C29C0E4980080EE05 /* BaseNetworkLayer.swift */; };
		513F049229CDE8A4008E19E7 /* Colors.swift in Sources */ = {isa = PBXBuildFile; fileRef = 513F049129CDE8A4008E19E7 /* Colors.swift */; };
		513F049429CDEA02008E19E7 /* Images.swift in Sources */ = {isa = PBXBuildFile; fileRef = 513F049329CDEA02008E19E7 /* Images.swift */; };
		513F049629CDEA33008E19E7 /* Texts.swift in Sources */ = {isa = PBXBuildFile; fileRef = 513F049529CDEA33008E19E7 /* Texts.swift */; };
		513F049829CDEA84008E19E7 /* Fonts.swift in Sources */ = {isa = PBXBuildFile; fileRef = 513F049729CDEA84008E19E7 /* Fonts.swift */; };
		513F049C29CDF096008E19E7 /* CallStatus.swift in Sources */ = {isa = PBXBuildFile; fileRef = 513F049B29CDF096008E19E7 /* CallStatus.swift */; };
		513F049E29CDF200008E19E7 /* CallScreenConfigurator.swift in Sources */ = {isa = PBXBuildFile; fileRef = 513F049D29CDF200008E19E7 /* CallScreenConfigurator.swift */; };
		5160611C2A406F2A004FEE54 /* FloatingTextFieldMask.swift in Sources */ = {isa = PBXBuildFile; fileRef = 5160611B2A406F2A004FEE54 /* FloatingTextFieldMask.swift */; };
		516061202A409C15004FEE54 /* ContactDTO.swift in Sources */ = {isa = PBXBuildFile; fileRef = 5160611E2A409C14004FEE54 /* ContactDTO.swift */; };
		516061212A409C15004FEE54 /* UserDTO.swift in Sources */ = {isa = PBXBuildFile; fileRef = 5160611F2A409C14004FEE54 /* UserDTO.swift */; };
		516061252A409C31004FEE54 /* User.swift in Sources */ = {isa = PBXBuildFile; fileRef = 516061232A409C31004FEE54 /* User.swift */; };
		516061262A409C31004FEE54 /* Contact.swift in Sources */ = {isa = PBXBuildFile; fileRef = 516061242A409C31004FEE54 /* Contact.swift */; };
		516061342A409C3E004FEE54 /* RequestManager.swift in Sources */ = {isa = PBXBuildFile; fileRef = 5160612F2A409C3E004FEE54 /* RequestManager.swift */; };
		516061352A409C3E004FEE54 /* UserService.swift in Sources */ = {isa = PBXBuildFile; fileRef = 516061302A409C3E004FEE54 /* UserService.swift */; };
		516061362A409C3E004FEE54 /* ApiService.swift in Sources */ = {isa = PBXBuildFile; fileRef = 516061312A409C3E004FEE54 /* ApiService.swift */; };
		516061372A409C3E004FEE54 /* EndpointConfig.swift in Sources */ = {isa = PBXBuildFile; fileRef = 516061322A409C3E004FEE54 /* EndpointConfig.swift */; };
		516061382A409C3E004FEE54 /* UIError.swift in Sources */ = {isa = PBXBuildFile; fileRef = 516061332A409C3E004FEE54 /* UIError.swift */; };
		5164CCF62A33785F0091052E /* TestButton.swift in Sources */ = {isa = PBXBuildFile; fileRef = 5164CCF52A33785F0091052E /* TestButton.swift */; };
		5164CCF82A337ABC0091052E /* UIImage+Extensions.swift in Sources */ = {isa = PBXBuildFile; fileRef = 5164CCF72A337ABC0091052E /* UIImage+Extensions.swift */; };
		5164CCFB2A37369E0091052E /* LoginViewController.swift in Sources */ = {isa = PBXBuildFile; fileRef = 5164CCFA2A37369E0091052E /* LoginViewController.swift */; };
		5164CCFD2A3736A70091052E /* LoginInteractor.swift in Sources */ = {isa = PBXBuildFile; fileRef = 5164CCFC2A3736A70091052E /* LoginInteractor.swift */; };
		5164CCFF2A3736AE0091052E /* LoginPresenter.swift in Sources */ = {isa = PBXBuildFile; fileRef = 5164CCFE2A3736AE0091052E /* LoginPresenter.swift */; };
		5164CD012A3736B60091052E /* LoginView.swift in Sources */ = {isa = PBXBuildFile; fileRef = 5164CD002A3736B60091052E /* LoginView.swift */; };
		5164CD032A3736CE0091052E /* LoginAssembly.swift in Sources */ = {isa = PBXBuildFile; fileRef = 5164CD022A3736CE0091052E /* LoginAssembly.swift */; };
		5164CD0C2A3751C20091052E /* GraphikLCG-MediumItalic.otf in Resources */ = {isa = PBXBuildFile; fileRef = 5164CD062A3751C10091052E /* GraphikLCG-MediumItalic.otf */; };
		5164CD0D2A3751C20091052E /* GraphikLCG-RegularItalic.otf in Resources */ = {isa = PBXBuildFile; fileRef = 5164CD072A3751C10091052E /* GraphikLCG-RegularItalic.otf */; };
		5164CD0E2A3751C20091052E /* GraphikLCG-Light.otf in Resources */ = {isa = PBXBuildFile; fileRef = 5164CD082A3751C10091052E /* GraphikLCG-Light.otf */; };
		5164CD0F2A3751C20091052E /* GraphikLCG-Medium.otf in Resources */ = {isa = PBXBuildFile; fileRef = 5164CD092A3751C10091052E /* GraphikLCG-Medium.otf */; };
		5164CD102A3751C20091052E /* GraphikLCG-Regular.otf in Resources */ = {isa = PBXBuildFile; fileRef = 5164CD0A2A3751C10091052E /* GraphikLCG-Regular.otf */; };
		5164CD112A3751C20091052E /* GraphikLCG-Bold.otf in Resources */ = {isa = PBXBuildFile; fileRef = 5164CD0B2A3751C20091052E /* GraphikLCG-Bold.otf */; };
		5164CD132A3756D70091052E /* UIViewController+Extensions.swift in Sources */ = {isa = PBXBuildFile; fileRef = 5164CD122A3756D70091052E /* UIViewController+Extensions.swift */; };
		5164CD152A3758130091052E /* FilterView.swift in Sources */ = {isa = PBXBuildFile; fileRef = 5164CD142A3758130091052E /* FilterView.swift */; };
		5164CD172A3774F30091052E /* FieldsView.swift in Sources */ = {isa = PBXBuildFile; fileRef = 5164CD162A3774F30091052E /* FieldsView.swift */; };
		5164CD192A3775300091052E /* FloatingTextField.swift in Sources */ = {isa = PBXBuildFile; fileRef = 5164CD182A3775300091052E /* FloatingTextField.swift */; };
		5164CD1B2A377F010091052E /* FloatingTextFieldView.swift in Sources */ = {isa = PBXBuildFile; fileRef = 5164CD1A2A377F010091052E /* FloatingTextFieldView.swift */; };
		5164CD1D2A3780D20091052E /* FloatingTextFieldTextFormatter.swift in Sources */ = {isa = PBXBuildFile; fileRef = 5164CD1C2A3780D20091052E /* FloatingTextFieldTextFormatter.swift */; };
		5164CD1F2A3781240091052E /* FloatingTextFieldTextProcessor.swift in Sources */ = {isa = PBXBuildFile; fileRef = 5164CD1E2A3781240091052E /* FloatingTextFieldTextProcessor.swift */; };
		5164CD212A37828A0091052E /* Collection+Extensions.swift in Sources */ = {isa = PBXBuildFile; fileRef = 5164CD202A37828A0091052E /* Collection+Extensions.swift */; };
		5164CD232A37831E0091052E /* String+Extensions.swift in Sources */ = {isa = PBXBuildFile; fileRef = 5164CD222A37831E0091052E /* String+Extensions.swift */; };
		5164CD252A3783550091052E /* UITextField+Extensions.swift in Sources */ = {isa = PBXBuildFile; fileRef = 5164CD242A3783550091052E /* UITextField+Extensions.swift */; };
		5164CD272A3889160091052E /* PrimaryButton.swift in Sources */ = {isa = PBXBuildFile; fileRef = 5164CD262A3889160091052E /* PrimaryButton.swift */; };
		5169E83E2A57283C0057C1F4 /* CustomScrollView.swift in Sources */ = {isa = PBXBuildFile; fileRef = 5169E83D2A57283C0057C1F4 /* CustomScrollView.swift */; };
		517EFB1A29C3270300DE8C7B /* TimerView.swift in Sources */ = {isa = PBXBuildFile; fileRef = 517EFB1929C3270300DE8C7B /* TimerView.swift */; };
		517EFB1C29C32D4B00DE8C7B /* ToastView.swift in Sources */ = {isa = PBXBuildFile; fileRef = 517EFB1B29C32D4B00DE8C7B /* ToastView.swift */; };
		517EFB1F29C336C700DE8C7B /* BottomBar.swift in Sources */ = {isa = PBXBuildFile; fileRef = 517EFB1E29C336C700DE8C7B /* BottomBar.swift */; };
		517EFB2129C336E400DE8C7B /* BottomButton.swift in Sources */ = {isa = PBXBuildFile; fileRef = 517EFB2029C336E400DE8C7B /* BottomButton.swift */; };
		517EFB2329C33A5400DE8C7B /* BottomButtonLayer.swift in Sources */ = {isa = PBXBuildFile; fileRef = 517EFB2229C33A5400DE8C7B /* BottomButtonLayer.swift */; };
		517EFB2529C4AC9600DE8C7B /* BottomCloseButton.swift in Sources */ = {isa = PBXBuildFile; fileRef = 517EFB2429C4AC9600DE8C7B /* BottomCloseButton.swift */; };
		51812C762A5325D600D2C7DE /* MainScreenContactView.swift in Sources */ = {isa = PBXBuildFile; fileRef = 51812C752A5325D600D2C7DE /* MainScreenContactView.swift */; };
		518271852A4474FF003E7A29 /* CommonDTO.swift in Sources */ = {isa = PBXBuildFile; fileRef = 518271842A4474FF003E7A29 /* CommonDTO.swift */; };
		518271872A447CA9003E7A29 /* TokenDTO.swift in Sources */ = {isa = PBXBuildFile; fileRef = 518271862A447CA9003E7A29 /* TokenDTO.swift */; };
		518271892A44817B003E7A29 /* Token.swift in Sources */ = {isa = PBXBuildFile; fileRef = 518271882A44817A003E7A29 /* Token.swift */; };
		5182718C2A45ADF2003E7A29 /* MainScreenAssembly.swift in Sources */ = {isa = PBXBuildFile; fileRef = 5182718B2A45ADF2003E7A29 /* MainScreenAssembly.swift */; };
		5182718E2A45AE2F003E7A29 /* MainScreenInteractor.swift in Sources */ = {isa = PBXBuildFile; fileRef = 5182718D2A45AE2F003E7A29 /* MainScreenInteractor.swift */; };
		518271902A45AE6C003E7A29 /* MainScreenPresenter.swift in Sources */ = {isa = PBXBuildFile; fileRef = 5182718F2A45AE6C003E7A29 /* MainScreenPresenter.swift */; };
		518271922A45AE97003E7A29 /* MainScreenViewController.swift in Sources */ = {isa = PBXBuildFile; fileRef = 518271912A45AE97003E7A29 /* MainScreenViewController.swift */; };
		518271942A45B5E3003E7A29 /* MainScreenView.swift in Sources */ = {isa = PBXBuildFile; fileRef = 518271932A45B5E3003E7A29 /* MainScreenView.swift */; };
		518271972A45B96B003E7A29 /* MainScreenCollectionViewCell.swift in Sources */ = {isa = PBXBuildFile; fileRef = 518271962A45B96B003E7A29 /* MainScreenCollectionViewCell.swift */; };
		518D12F82A66CC620090EAF3 /* TransitionDismisser.swift in Sources */ = {isa = PBXBuildFile; fileRef = 518D12F72A66CC620090EAF3 /* TransitionDismisser.swift */; };
		518D12FC2A66FB060090EAF3 /* UserDetailsTableViewCell.swift in Sources */ = {isa = PBXBuildFile; fileRef = 518D12FB2A66FB060090EAF3 /* UserDetailsTableViewCell.swift */; };
		518D5E7A27F5C85D00B78B98 /* AppDelegate.swift in Sources */ = {isa = PBXBuildFile; fileRef = 518D5E7927F5C85D00B78B98 /* AppDelegate.swift */; };
		518D5E7C27F5C85D00B78B98 /* SceneDelegate.swift in Sources */ = {isa = PBXBuildFile; fileRef = 518D5E7B27F5C85D00B78B98 /* SceneDelegate.swift */; };
		518D5E7E27F5C85D00B78B98 /* CallViewController.swift in Sources */ = {isa = PBXBuildFile; fileRef = 518D5E7D27F5C85D00B78B98 /* CallViewController.swift */; };
		518D5E8327F5C85F00B78B98 /* Assets.xcassets in Resources */ = {isa = PBXBuildFile; fileRef = 518D5E8227F5C85F00B78B98 /* Assets.xcassets */; };
		518D5E8627F5C85F00B78B98 /* LaunchScreen.storyboard in Resources */ = {isa = PBXBuildFile; fileRef = 518D5E8427F5C85F00B78B98 /* LaunchScreen.storyboard */; };
		51A642102A61AE5900792D74 /* TransitionManager.swift in Sources */ = {isa = PBXBuildFile; fileRef = 51A6420F2A61AE5900792D74 /* TransitionManager.swift */; };
		51A642132A61AED800792D74 /* UserDetailsScreenViewController.swift in Sources */ = {isa = PBXBuildFile; fileRef = 51A642122A61AED800792D74 /* UserDetailsScreenViewController.swift */; };
		51A642162A61AF0A00792D74 /* UserDetailsScreenView.swift in Sources */ = {isa = PBXBuildFile; fileRef = 51A642152A61AF0A00792D74 /* UserDetailsScreenView.swift */; };
		51A642182A61B02400792D74 /* UserDetailsScreenAssembly.swift in Sources */ = {isa = PBXBuildFile; fileRef = 51A642172A61B02400792D74 /* UserDetailsScreenAssembly.swift */; };
		51A6421A2A61B07800792D74 /* UserDetailsScreenInteractor.swift in Sources */ = {isa = PBXBuildFile; fileRef = 51A642192A61B07800792D74 /* UserDetailsScreenInteractor.swift */; };
		51A6421C2A61B0B900792D74 /* UserDetailsScreenPresenter.swift in Sources */ = {isa = PBXBuildFile; fileRef = 51A6421B2A61B0B900792D74 /* UserDetailsScreenPresenter.swift */; };
		51AB9ABE2A67E3B900D26A4F /* UserDetailsActionView.swift in Sources */ = {isa = PBXBuildFile; fileRef = 51AB9ABD2A67E3B900D26A4F /* UserDetailsActionView.swift */; };
		51B9BF6329E82B1200D7B2DD /* StartViewController.swift in Sources */ = {isa = PBXBuildFile; fileRef = 51B9BF6229E82B1200D7B2DD /* StartViewController.swift */; };
		51B9BF6629E82B4F00D7B2DD /* StartView.swift in Sources */ = {isa = PBXBuildFile; fileRef = 51B9BF6529E82B4F00D7B2DD /* StartView.swift */; };
		51B9BF7529EB0A0700D7B2DD /* CameraSession.swift in Sources */ = {isa = PBXBuildFile; fileRef = 51B9BF7429EB0A0700D7B2DD /* CameraSession.swift */; };
		51B9BF7829EB0E2E00D7B2DD /* RemoteVideoView.swift in Sources */ = {isa = PBXBuildFile; fileRef = 51B9BF7729EB0E2E00D7B2DD /* RemoteVideoView.swift */; };
		51B9BF7A29EB13A400D7B2DD /* LocalVideoView.swift in Sources */ = {isa = PBXBuildFile; fileRef = 51B9BF7929EB13A400D7B2DD /* LocalVideoView.swift */; };
		51C951FC2A65929F001C59FB /* TransitionPresenter.swift in Sources */ = {isa = PBXBuildFile; fileRef = 51C951FB2A65929F001C59FB /* TransitionPresenter.swift */; };
		51C951FE2A6594E7001C59FB /* SnapshotTransition.swift in Sources */ = {isa = PBXBuildFile; fileRef = 51C951FD2A6594E7001C59FB /* SnapshotTransition.swift */; };
		51CA56932A6ABB86004088CC /* AllContactsAssemby.swift in Sources */ = {isa = PBXBuildFile; fileRef = 51CA56922A6ABB86004088CC /* AllContactsAssemby.swift */; };
		51CA56952A6ABC38004088CC /* AllContactsInteractor.swift in Sources */ = {isa = PBXBuildFile; fileRef = 51CA56942A6ABC38004088CC /* AllContactsInteractor.swift */; };
		51CA56972A6ABC62004088CC /* AllContactsPresenter.swift in Sources */ = {isa = PBXBuildFile; fileRef = 51CA56962A6ABC62004088CC /* AllContactsPresenter.swift */; };
		51CA56992A6ABC89004088CC /* AllContactsViewController.swift in Sources */ = {isa = PBXBuildFile; fileRef = 51CA56982A6ABC89004088CC /* AllContactsViewController.swift */; };
		51CA569B2A6ABCCA004088CC /* AllContactsView.swift in Sources */ = {isa = PBXBuildFile; fileRef = 51CA569A2A6ABCCA004088CC /* AllContactsView.swift */; };
		51CA569D2A6ABD39004088CC /* ContactTableViewCell.swift in Sources */ = {isa = PBXBuildFile; fileRef = 51CA569C2A6ABD39004088CC /* ContactTableViewCell.swift */; };
		51CA569F2A6ADCEF004088CC /* AlertView.swift in Sources */ = {isa = PBXBuildFile; fileRef = 51CA569E2A6ADCEF004088CC /* AlertView.swift */; };
		51D3198329EE9F6D00A8BBAD /* CustomFrameCapturer.swift in Sources */ = {isa = PBXBuildFile; fileRef = 51D3198229EE9F6D00A8BBAD /* CustomFrameCapturer.swift */; };
		51D3928129F6DEA8003E8E84 /* UIResponder+Extensions.swift in Sources */ = {isa = PBXBuildFile; fileRef = 51D3928029F6DEA8003E8E84 /* UIResponder+Extensions.swift */; };
		51D3928329FC2AAD003E8E84 /* RateCallView.swift in Sources */ = {isa = PBXBuildFile; fileRef = 51D3928229FC2AAC003E8E84 /* RateCallView.swift */; };
		51D3928629FC3579003E8E84 /* StarView.swift in Sources */ = {isa = PBXBuildFile; fileRef = 51D3928529FC3579003E8E84 /* StarView.swift */; };
		51E228042A45C178003A6960 /* ImageFillerView.swift in Sources */ = {isa = PBXBuildFile; fileRef = 51E228032A45C178003A6960 /* ImageFillerView.swift */; };
		51E228062A45E182003A6960 /* PagingCollectionViewLayout.swift in Sources */ = {isa = PBXBuildFile; fileRef = 51E228052A45E182003A6960 /* PagingCollectionViewLayout.swift */; };
		51E48B4F29E5AC9D0085088D /* WebRTCClient.swift in Sources */ = {isa = PBXBuildFile; fileRef = 51E48B4E29E5AC9D0085088D /* WebRTCClient.swift */; };
		51E48B5129E5B2200085088D /* WebSocketWorker.swift in Sources */ = {isa = PBXBuildFile; fileRef = 51E48B5029E5B2200085088D /* WebSocketWorker.swift */; };
		51E48B5329E5B84C0085088D /* SignalingMessage.swift in Sources */ = {isa = PBXBuildFile; fileRef = 51E48B5229E5B84C0085088D /* SignalingMessage.swift */; };
		FA1F347CC003119C8E8C6C51 /* Pods_WaveForm.framework in Frameworks */ = {isa = PBXBuildFile; fileRef = 3A2F70FB82ABB2FBEB806BA9 /* Pods_WaveForm.framework */; };
/* End PBXBuildFile section */

/* Begin PBXFileReference section */
		3A2F70FB82ABB2FBEB806BA9 /* Pods_WaveForm.framework */ = {isa = PBXFileReference; explicitFileType = wrapper.framework; includeInIndex = 0; path = Pods_WaveForm.framework; sourceTree = BUILT_PRODUCTS_DIR; };
		510E559629CDB3E700D6638C /* MicrophoneMonitor.swift */ = {isa = PBXFileReference; lastKnownFileType = sourcecode.swift; path = MicrophoneMonitor.swift; sourceTree = "<group>"; };
		510F997429BB4E2600B34C72 /* BaseLayer.swift */ = {isa = PBXFileReference; lastKnownFileType = sourcecode.swift; path = BaseLayer.swift; sourceTree = "<group>"; };
		510F997829BD0D8600B34C72 /* BackgroundView.swift */ = {isa = PBXFileReference; lastKnownFileType = sourcecode.swift; path = BackgroundView.swift; sourceTree = "<group>"; };
		510F997A29BD10C700B34C72 /* RadialGradientLayer.swift */ = {isa = PBXFileReference; lastKnownFileType = sourcecode.swift; path = RadialGradientLayer.swift; sourceTree = "<group>"; };
		510F997C29BD347800B34C72 /* ContentableView.swift */ = {isa = PBXFileReference; lastKnownFileType = sourcecode.swift; path = ContentableView.swift; sourceTree = "<group>"; };
		510F998429BE0D9400B34C72 /* LiquidView.swift */ = {isa = PBXFileReference; lastKnownFileType = sourcecode.swift; path = LiquidView.swift; sourceTree = "<group>"; };
		510F998629BE10E400B34C72 /* LiquidLayer.swift */ = {isa = PBXFileReference; lastKnownFileType = sourcecode.swift; path = LiquidLayer.swift; sourceTree = "<group>"; };
		510F998929BE1B6B00B34C72 /* UIBezierPath+Extensions.swift */ = {isa = PBXFileReference; lastKnownFileType = sourcecode.swift; path = "UIBezierPath+Extensions.swift"; sourceTree = "<group>"; };
		510F998B29BE1E7E00B34C72 /* CGPath+Extensions.swift */ = {isa = PBXFileReference; lastKnownFileType = sourcecode.swift; path = "CGPath+Extensions.swift"; sourceTree = "<group>"; };
		51307E3429C07DDE0080EE05 /* Media.xcassets */ = {isa = PBXFileReference; lastKnownFileType = folder.assetcatalog; path = Media.xcassets; sourceTree = "<group>"; };
		51307E3629C0963D0080EE05 /* UIView+Extensions.swift */ = {isa = PBXFileReference; lastKnownFileType = sourcecode.swift; path = "UIView+Extensions.swift"; sourceTree = "<group>"; };
		51307E3829C0997C0080EE05 /* CALayer+Extensions.swift */ = {isa = PBXFileReference; lastKnownFileType = sourcecode.swift; path = "CALayer+Extensions.swift"; sourceTree = "<group>"; };
		51307E3B29C0A9AE0080EE05 /* DotLayer.swift */ = {isa = PBXFileReference; lastKnownFileType = sourcecode.swift; path = DotLayer.swift; sourceTree = "<group>"; };
		51307E3D29C0AA3A0080EE05 /* DotsView.swift */ = {isa = PBXFileReference; lastKnownFileType = sourcecode.swift; path = DotsView.swift; sourceTree = "<group>"; };
		51307E3F29C0AF740080EE05 /* StatusView.swift */ = {isa = PBXFileReference; lastKnownFileType = sourcecode.swift; path = StatusView.swift; sourceTree = "<group>"; };
		51307E4129C0B99A0080EE05 /* AllStatusView.swift */ = {isa = PBXFileReference; lastKnownFileType = sourcecode.swift; path = AllStatusView.swift; sourceTree = "<group>"; };
		51307E4329C0DE590080EE05 /* NetworkView.swift */ = {isa = PBXFileReference; lastKnownFileType = sourcecode.swift; path = NetworkView.swift; sourceTree = "<group>"; };
		51307E4629C0DEBC0080EE05 /* NetworkAnimatableView.swift */ = {isa = PBXFileReference; lastKnownFileType = sourcecode.swift; path = NetworkAnimatableView.swift; sourceTree = "<group>"; };
		51307E4A29C0DFBA0080EE05 /* BaseNetworkView.swift */ = {isa = PBXFileReference; lastKnownFileType = sourcecode.swift; path = BaseNetworkView.swift; sourceTree = "<group>"; };
		51307E4C29C0E4980080EE05 /* BaseNetworkLayer.swift */ = {isa = PBXFileReference; lastKnownFileType = sourcecode.swift; path = BaseNetworkLayer.swift; sourceTree = "<group>"; };
		513F049129CDE8A4008E19E7 /* Colors.swift */ = {isa = PBXFileReference; lastKnownFileType = sourcecode.swift; path = Colors.swift; sourceTree = "<group>"; };
		513F049329CDEA02008E19E7 /* Images.swift */ = {isa = PBXFileReference; lastKnownFileType = sourcecode.swift; path = Images.swift; sourceTree = "<group>"; };
		513F049529CDEA33008E19E7 /* Texts.swift */ = {isa = PBXFileReference; lastKnownFileType = sourcecode.swift; path = Texts.swift; sourceTree = "<group>"; };
		513F049729CDEA84008E19E7 /* Fonts.swift */ = {isa = PBXFileReference; lastKnownFileType = sourcecode.swift; path = Fonts.swift; sourceTree = "<group>"; };
		513F049B29CDF096008E19E7 /* CallStatus.swift */ = {isa = PBXFileReference; lastKnownFileType = sourcecode.swift; path = CallStatus.swift; sourceTree = "<group>"; };
		513F049D29CDF200008E19E7 /* CallScreenConfigurator.swift */ = {isa = PBXFileReference; lastKnownFileType = sourcecode.swift; path = CallScreenConfigurator.swift; sourceTree = "<group>"; };
		5160611B2A406F2A004FEE54 /* FloatingTextFieldMask.swift */ = {isa = PBXFileReference; lastKnownFileType = sourcecode.swift; path = FloatingTextFieldMask.swift; sourceTree = "<group>"; };
		5160611E2A409C14004FEE54 /* ContactDTO.swift */ = {isa = PBXFileReference; fileEncoding = 4; lastKnownFileType = sourcecode.swift; path = ContactDTO.swift; sourceTree = "<group>"; };
		5160611F2A409C14004FEE54 /* UserDTO.swift */ = {isa = PBXFileReference; fileEncoding = 4; lastKnownFileType = sourcecode.swift; path = UserDTO.swift; sourceTree = "<group>"; };
		516061232A409C31004FEE54 /* User.swift */ = {isa = PBXFileReference; fileEncoding = 4; lastKnownFileType = sourcecode.swift; path = User.swift; sourceTree = "<group>"; };
		516061242A409C31004FEE54 /* Contact.swift */ = {isa = PBXFileReference; fileEncoding = 4; lastKnownFileType = sourcecode.swift; path = Contact.swift; sourceTree = "<group>"; };
		5160612F2A409C3E004FEE54 /* RequestManager.swift */ = {isa = PBXFileReference; fileEncoding = 4; lastKnownFileType = sourcecode.swift; path = RequestManager.swift; sourceTree = "<group>"; };
		516061302A409C3E004FEE54 /* UserService.swift */ = {isa = PBXFileReference; fileEncoding = 4; lastKnownFileType = sourcecode.swift; path = UserService.swift; sourceTree = "<group>"; };
		516061312A409C3E004FEE54 /* ApiService.swift */ = {isa = PBXFileReference; fileEncoding = 4; lastKnownFileType = sourcecode.swift; path = ApiService.swift; sourceTree = "<group>"; };
		516061322A409C3E004FEE54 /* EndpointConfig.swift */ = {isa = PBXFileReference; fileEncoding = 4; lastKnownFileType = sourcecode.swift; path = EndpointConfig.swift; sourceTree = "<group>"; };
		516061332A409C3E004FEE54 /* UIError.swift */ = {isa = PBXFileReference; fileEncoding = 4; lastKnownFileType = sourcecode.swift; path = UIError.swift; sourceTree = "<group>"; };
		5164CCF52A33785F0091052E /* TestButton.swift */ = {isa = PBXFileReference; lastKnownFileType = sourcecode.swift; path = TestButton.swift; sourceTree = "<group>"; };
		5164CCF72A337ABC0091052E /* UIImage+Extensions.swift */ = {isa = PBXFileReference; lastKnownFileType = sourcecode.swift; path = "UIImage+Extensions.swift"; sourceTree = "<group>"; };
		5164CCFA2A37369E0091052E /* LoginViewController.swift */ = {isa = PBXFileReference; lastKnownFileType = sourcecode.swift; path = LoginViewController.swift; sourceTree = "<group>"; };
		5164CCFC2A3736A70091052E /* LoginInteractor.swift */ = {isa = PBXFileReference; lastKnownFileType = sourcecode.swift; path = LoginInteractor.swift; sourceTree = "<group>"; };
		5164CCFE2A3736AE0091052E /* LoginPresenter.swift */ = {isa = PBXFileReference; lastKnownFileType = sourcecode.swift; path = LoginPresenter.swift; sourceTree = "<group>"; };
		5164CD002A3736B60091052E /* LoginView.swift */ = {isa = PBXFileReference; lastKnownFileType = sourcecode.swift; path = LoginView.swift; sourceTree = "<group>"; };
		5164CD022A3736CE0091052E /* LoginAssembly.swift */ = {isa = PBXFileReference; lastKnownFileType = sourcecode.swift; path = LoginAssembly.swift; sourceTree = "<group>"; };
		5164CD062A3751C10091052E /* GraphikLCG-MediumItalic.otf */ = {isa = PBXFileReference; lastKnownFileType = file; path = "GraphikLCG-MediumItalic.otf"; sourceTree = "<group>"; };
		5164CD072A3751C10091052E /* GraphikLCG-RegularItalic.otf */ = {isa = PBXFileReference; lastKnownFileType = file; path = "GraphikLCG-RegularItalic.otf"; sourceTree = "<group>"; };
		5164CD082A3751C10091052E /* GraphikLCG-Light.otf */ = {isa = PBXFileReference; lastKnownFileType = file; path = "GraphikLCG-Light.otf"; sourceTree = "<group>"; };
		5164CD092A3751C10091052E /* GraphikLCG-Medium.otf */ = {isa = PBXFileReference; lastKnownFileType = file; path = "GraphikLCG-Medium.otf"; sourceTree = "<group>"; };
		5164CD0A2A3751C10091052E /* GraphikLCG-Regular.otf */ = {isa = PBXFileReference; lastKnownFileType = file; path = "GraphikLCG-Regular.otf"; sourceTree = "<group>"; };
		5164CD0B2A3751C20091052E /* GraphikLCG-Bold.otf */ = {isa = PBXFileReference; lastKnownFileType = file; path = "GraphikLCG-Bold.otf"; sourceTree = "<group>"; };
		5164CD122A3756D70091052E /* UIViewController+Extensions.swift */ = {isa = PBXFileReference; lastKnownFileType = sourcecode.swift; path = "UIViewController+Extensions.swift"; sourceTree = "<group>"; };
		5164CD142A3758130091052E /* FilterView.swift */ = {isa = PBXFileReference; lastKnownFileType = sourcecode.swift; path = FilterView.swift; sourceTree = "<group>"; };
		5164CD162A3774F30091052E /* FieldsView.swift */ = {isa = PBXFileReference; lastKnownFileType = sourcecode.swift; path = FieldsView.swift; sourceTree = "<group>"; };
		5164CD182A3775300091052E /* FloatingTextField.swift */ = {isa = PBXFileReference; lastKnownFileType = sourcecode.swift; path = FloatingTextField.swift; sourceTree = "<group>"; };
		5164CD1A2A377F010091052E /* FloatingTextFieldView.swift */ = {isa = PBXFileReference; lastKnownFileType = sourcecode.swift; path = FloatingTextFieldView.swift; sourceTree = "<group>"; };
		5164CD1C2A3780D20091052E /* FloatingTextFieldTextFormatter.swift */ = {isa = PBXFileReference; lastKnownFileType = sourcecode.swift; path = FloatingTextFieldTextFormatter.swift; sourceTree = "<group>"; };
		5164CD1E2A3781240091052E /* FloatingTextFieldTextProcessor.swift */ = {isa = PBXFileReference; lastKnownFileType = sourcecode.swift; path = FloatingTextFieldTextProcessor.swift; sourceTree = "<group>"; };
		5164CD202A37828A0091052E /* Collection+Extensions.swift */ = {isa = PBXFileReference; lastKnownFileType = sourcecode.swift; path = "Collection+Extensions.swift"; sourceTree = "<group>"; };
		5164CD222A37831E0091052E /* String+Extensions.swift */ = {isa = PBXFileReference; lastKnownFileType = sourcecode.swift; path = "String+Extensions.swift"; sourceTree = "<group>"; };
		5164CD242A3783550091052E /* UITextField+Extensions.swift */ = {isa = PBXFileReference; lastKnownFileType = sourcecode.swift; path = "UITextField+Extensions.swift"; sourceTree = "<group>"; };
		5164CD262A3889160091052E /* PrimaryButton.swift */ = {isa = PBXFileReference; lastKnownFileType = sourcecode.swift; path = PrimaryButton.swift; sourceTree = "<group>"; };
		5169E83D2A57283C0057C1F4 /* CustomScrollView.swift */ = {isa = PBXFileReference; lastKnownFileType = sourcecode.swift; path = CustomScrollView.swift; sourceTree = "<group>"; };
		517EFB1929C3270300DE8C7B /* TimerView.swift */ = {isa = PBXFileReference; lastKnownFileType = sourcecode.swift; path = TimerView.swift; sourceTree = "<group>"; };
		517EFB1B29C32D4B00DE8C7B /* ToastView.swift */ = {isa = PBXFileReference; lastKnownFileType = sourcecode.swift; path = ToastView.swift; sourceTree = "<group>"; };
		517EFB1E29C336C700DE8C7B /* BottomBar.swift */ = {isa = PBXFileReference; lastKnownFileType = sourcecode.swift; path = BottomBar.swift; sourceTree = "<group>"; };
		517EFB2029C336E400DE8C7B /* BottomButton.swift */ = {isa = PBXFileReference; lastKnownFileType = sourcecode.swift; path = BottomButton.swift; sourceTree = "<group>"; };
		517EFB2229C33A5400DE8C7B /* BottomButtonLayer.swift */ = {isa = PBXFileReference; lastKnownFileType = sourcecode.swift; path = BottomButtonLayer.swift; sourceTree = "<group>"; };
		517EFB2429C4AC9600DE8C7B /* BottomCloseButton.swift */ = {isa = PBXFileReference; lastKnownFileType = sourcecode.swift; path = BottomCloseButton.swift; sourceTree = "<group>"; };
		51812C752A5325D600D2C7DE /* MainScreenContactView.swift */ = {isa = PBXFileReference; fileEncoding = 4; lastKnownFileType = sourcecode.swift; path = MainScreenContactView.swift; sourceTree = "<group>"; };
		518271842A4474FF003E7A29 /* CommonDTO.swift */ = {isa = PBXFileReference; lastKnownFileType = sourcecode.swift; path = CommonDTO.swift; sourceTree = "<group>"; };
		518271862A447CA9003E7A29 /* TokenDTO.swift */ = {isa = PBXFileReference; lastKnownFileType = sourcecode.swift; path = TokenDTO.swift; sourceTree = "<group>"; };
		518271882A44817A003E7A29 /* Token.swift */ = {isa = PBXFileReference; lastKnownFileType = sourcecode.swift; path = Token.swift; sourceTree = "<group>"; };
		5182718B2A45ADF2003E7A29 /* MainScreenAssembly.swift */ = {isa = PBXFileReference; lastKnownFileType = sourcecode.swift; path = MainScreenAssembly.swift; sourceTree = "<group>"; };
		5182718D2A45AE2F003E7A29 /* MainScreenInteractor.swift */ = {isa = PBXFileReference; lastKnownFileType = sourcecode.swift; path = MainScreenInteractor.swift; sourceTree = "<group>"; };
		5182718F2A45AE6C003E7A29 /* MainScreenPresenter.swift */ = {isa = PBXFileReference; lastKnownFileType = sourcecode.swift; path = MainScreenPresenter.swift; sourceTree = "<group>"; };
		518271912A45AE97003E7A29 /* MainScreenViewController.swift */ = {isa = PBXFileReference; lastKnownFileType = sourcecode.swift; path = MainScreenViewController.swift; sourceTree = "<group>"; };
		518271932A45B5E3003E7A29 /* MainScreenView.swift */ = {isa = PBXFileReference; lastKnownFileType = sourcecode.swift; path = MainScreenView.swift; sourceTree = "<group>"; };
		518271962A45B96B003E7A29 /* MainScreenCollectionViewCell.swift */ = {isa = PBXFileReference; lastKnownFileType = sourcecode.swift; path = MainScreenCollectionViewCell.swift; sourceTree = "<group>"; };
		518D12F72A66CC620090EAF3 /* TransitionDismisser.swift */ = {isa = PBXFileReference; lastKnownFileType = sourcecode.swift; path = TransitionDismisser.swift; sourceTree = "<group>"; };
		518D12FB2A66FB060090EAF3 /* UserDetailsTableViewCell.swift */ = {isa = PBXFileReference; lastKnownFileType = sourcecode.swift; path = UserDetailsTableViewCell.swift; sourceTree = "<group>"; };
		518D5E7627F5C85D00B78B98 /* WaveForm.app */ = {isa = PBXFileReference; explicitFileType = wrapper.application; includeInIndex = 0; path = WaveForm.app; sourceTree = BUILT_PRODUCTS_DIR; };
		518D5E7927F5C85D00B78B98 /* AppDelegate.swift */ = {isa = PBXFileReference; lastKnownFileType = sourcecode.swift; path = AppDelegate.swift; sourceTree = "<group>"; };
		518D5E7B27F5C85D00B78B98 /* SceneDelegate.swift */ = {isa = PBXFileReference; lastKnownFileType = sourcecode.swift; path = SceneDelegate.swift; sourceTree = "<group>"; };
		518D5E7D27F5C85D00B78B98 /* CallViewController.swift */ = {isa = PBXFileReference; lastKnownFileType = sourcecode.swift; path = CallViewController.swift; sourceTree = "<group>"; };
		518D5E8227F5C85F00B78B98 /* Assets.xcassets */ = {isa = PBXFileReference; lastKnownFileType = folder.assetcatalog; path = Assets.xcassets; sourceTree = "<group>"; };
		518D5E8527F5C85F00B78B98 /* Base */ = {isa = PBXFileReference; lastKnownFileType = file.storyboard; name = Base; path = Base.lproj/LaunchScreen.storyboard; sourceTree = "<group>"; };
		518D5E8727F5C85F00B78B98 /* Info.plist */ = {isa = PBXFileReference; lastKnownFileType = text.plist.xml; path = Info.plist; sourceTree = "<group>"; };
		51A6420F2A61AE5900792D74 /* TransitionManager.swift */ = {isa = PBXFileReference; lastKnownFileType = sourcecode.swift; path = TransitionManager.swift; sourceTree = "<group>"; };
		51A642122A61AED800792D74 /* UserDetailsScreenViewController.swift */ = {isa = PBXFileReference; lastKnownFileType = sourcecode.swift; path = UserDetailsScreenViewController.swift; sourceTree = "<group>"; };
		51A642152A61AF0A00792D74 /* UserDetailsScreenView.swift */ = {isa = PBXFileReference; lastKnownFileType = sourcecode.swift; path = UserDetailsScreenView.swift; sourceTree = "<group>"; };
		51A642172A61B02400792D74 /* UserDetailsScreenAssembly.swift */ = {isa = PBXFileReference; lastKnownFileType = sourcecode.swift; path = UserDetailsScreenAssembly.swift; sourceTree = "<group>"; };
		51A642192A61B07800792D74 /* UserDetailsScreenInteractor.swift */ = {isa = PBXFileReference; lastKnownFileType = sourcecode.swift; path = UserDetailsScreenInteractor.swift; sourceTree = "<group>"; };
		51A6421B2A61B0B900792D74 /* UserDetailsScreenPresenter.swift */ = {isa = PBXFileReference; lastKnownFileType = sourcecode.swift; path = UserDetailsScreenPresenter.swift; sourceTree = "<group>"; };
		51AB9ABD2A67E3B900D26A4F /* UserDetailsActionView.swift */ = {isa = PBXFileReference; lastKnownFileType = sourcecode.swift; path = UserDetailsActionView.swift; sourceTree = "<group>"; };
		51B9BF6229E82B1200D7B2DD /* StartViewController.swift */ = {isa = PBXFileReference; lastKnownFileType = sourcecode.swift; path = StartViewController.swift; sourceTree = "<group>"; };
		51B9BF6529E82B4F00D7B2DD /* StartView.swift */ = {isa = PBXFileReference; lastKnownFileType = sourcecode.swift; path = StartView.swift; sourceTree = "<group>"; };
		51B9BF6D29E9846F00D7B2DD /* WaveForm.entitlements */ = {isa = PBXFileReference; lastKnownFileType = text.plist.entitlements; path = WaveForm.entitlements; sourceTree = "<group>"; };
		51B9BF7429EB0A0700D7B2DD /* CameraSession.swift */ = {isa = PBXFileReference; lastKnownFileType = sourcecode.swift; path = CameraSession.swift; sourceTree = "<group>"; };
		51B9BF7729EB0E2E00D7B2DD /* RemoteVideoView.swift */ = {isa = PBXFileReference; lastKnownFileType = sourcecode.swift; path = RemoteVideoView.swift; sourceTree = "<group>"; };
		51B9BF7929EB13A400D7B2DD /* LocalVideoView.swift */ = {isa = PBXFileReference; lastKnownFileType = sourcecode.swift; path = LocalVideoView.swift; sourceTree = "<group>"; };
		51C951FB2A65929F001C59FB /* TransitionPresenter.swift */ = {isa = PBXFileReference; lastKnownFileType = sourcecode.swift; path = TransitionPresenter.swift; sourceTree = "<group>"; };
		51C951FD2A6594E7001C59FB /* SnapshotTransition.swift */ = {isa = PBXFileReference; lastKnownFileType = sourcecode.swift; path = SnapshotTransition.swift; sourceTree = "<group>"; };
		51CA56922A6ABB86004088CC /* AllContactsAssemby.swift */ = {isa = PBXFileReference; lastKnownFileType = sourcecode.swift; path = AllContactsAssemby.swift; sourceTree = "<group>"; };
		51CA56942A6ABC38004088CC /* AllContactsInteractor.swift */ = {isa = PBXFileReference; lastKnownFileType = sourcecode.swift; path = AllContactsInteractor.swift; sourceTree = "<group>"; };
		51CA56962A6ABC62004088CC /* AllContactsPresenter.swift */ = {isa = PBXFileReference; lastKnownFileType = sourcecode.swift; path = AllContactsPresenter.swift; sourceTree = "<group>"; };
		51CA56982A6ABC89004088CC /* AllContactsViewController.swift */ = {isa = PBXFileReference; lastKnownFileType = sourcecode.swift; path = AllContactsViewController.swift; sourceTree = "<group>"; };
		51CA569A2A6ABCCA004088CC /* AllContactsView.swift */ = {isa = PBXFileReference; lastKnownFileType = sourcecode.swift; path = AllContactsView.swift; sourceTree = "<group>"; };
		51CA569C2A6ABD39004088CC /* ContactTableViewCell.swift */ = {isa = PBXFileReference; lastKnownFileType = sourcecode.swift; path = ContactTableViewCell.swift; sourceTree = "<group>"; };
		51CA569E2A6ADCEF004088CC /* AlertView.swift */ = {isa = PBXFileReference; lastKnownFileType = sourcecode.swift; path = AlertView.swift; sourceTree = "<group>"; };
		51D3198229EE9F6D00A8BBAD /* CustomFrameCapturer.swift */ = {isa = PBXFileReference; lastKnownFileType = sourcecode.swift; path = CustomFrameCapturer.swift; sourceTree = "<group>"; };
		51D3928029F6DEA8003E8E84 /* UIResponder+Extensions.swift */ = {isa = PBXFileReference; lastKnownFileType = sourcecode.swift; path = "UIResponder+Extensions.swift"; sourceTree = "<group>"; };
		51D3928229FC2AAC003E8E84 /* RateCallView.swift */ = {isa = PBXFileReference; lastKnownFileType = sourcecode.swift; path = RateCallView.swift; sourceTree = "<group>"; };
		51D3928529FC3579003E8E84 /* StarView.swift */ = {isa = PBXFileReference; lastKnownFileType = sourcecode.swift; path = StarView.swift; sourceTree = "<group>"; };
		51E228032A45C178003A6960 /* ImageFillerView.swift */ = {isa = PBXFileReference; lastKnownFileType = sourcecode.swift; path = ImageFillerView.swift; sourceTree = "<group>"; };
		51E228052A45E182003A6960 /* PagingCollectionViewLayout.swift */ = {isa = PBXFileReference; lastKnownFileType = sourcecode.swift; path = PagingCollectionViewLayout.swift; sourceTree = "<group>"; };
		51E48B4E29E5AC9D0085088D /* WebRTCClient.swift */ = {isa = PBXFileReference; lastKnownFileType = sourcecode.swift; path = WebRTCClient.swift; sourceTree = "<group>"; };
		51E48B5029E5B2200085088D /* WebSocketWorker.swift */ = {isa = PBXFileReference; lastKnownFileType = sourcecode.swift; path = WebSocketWorker.swift; sourceTree = "<group>"; };
		51E48B5229E5B84C0085088D /* SignalingMessage.swift */ = {isa = PBXFileReference; lastKnownFileType = sourcecode.swift; path = SignalingMessage.swift; sourceTree = "<group>"; };
		7266122D0D4CFE1A8F715BEE /* Pods-WaveForm.debug.xcconfig */ = {isa = PBXFileReference; includeInIndex = 1; lastKnownFileType = text.xcconfig; name = "Pods-WaveForm.debug.xcconfig"; path = "Target Support Files/Pods-WaveForm/Pods-WaveForm.debug.xcconfig"; sourceTree = "<group>"; };
		EBB606A4E9585717E1FD47CC /* Pods-WaveForm.release.xcconfig */ = {isa = PBXFileReference; includeInIndex = 1; lastKnownFileType = text.xcconfig; name = "Pods-WaveForm.release.xcconfig"; path = "Target Support Files/Pods-WaveForm/Pods-WaveForm.release.xcconfig"; sourceTree = "<group>"; };
/* End PBXFileReference section */

/* Begin PBXFrameworksBuildPhase section */
		518D5E7327F5C85D00B78B98 /* Frameworks */ = {
			isa = PBXFrameworksBuildPhase;
			buildActionMask = 2147483647;
			files = (
				FA1F347CC003119C8E8C6C51 /* Pods_WaveForm.framework in Frameworks */,
			);
			runOnlyForDeploymentPostprocessing = 0;
		};
/* End PBXFrameworksBuildPhase section */

/* Begin PBXGroup section */
		4EA2CBE111CAE45BA6206606 /* Pods */ = {
			isa = PBXGroup;
			children = (
				7266122D0D4CFE1A8F715BEE /* Pods-WaveForm.debug.xcconfig */,
				EBB606A4E9585717E1FD47CC /* Pods-WaveForm.release.xcconfig */,
			);
			path = Pods;
			sourceTree = "<group>";
		};
		510E559129CDB06600D6638C /* Views */ = {
			isa = PBXGroup;
			children = (
				51D3928429FC356B003E8E84 /* RateCall */,
				51B9BF7629EB0E1400D7B2DD /* Camera */,
				510F997C29BD347800B34C72 /* ContentableView.swift */,
				510E559329CDB15A00D6638C /* Background */,
				510E559229CDB0D300D6638C /* Liquid */,
				510E559429CDB19F00D6638C /* Status */,
				517EFB1D29C336B800DE8C7B /* BottomBar */,
			);
			path = Views;
			sourceTree = "<group>";
		};
		510E559229CDB0D300D6638C /* Liquid */ = {
			isa = PBXGroup;
			children = (
				510F998429BE0D9400B34C72 /* LiquidView.swift */,
				510F998629BE10E400B34C72 /* LiquidLayer.swift */,
			);
			path = Liquid;
			sourceTree = "<group>";
		};
		510E559329CDB15A00D6638C /* Background */ = {
			isa = PBXGroup;
			children = (
				510F997829BD0D8600B34C72 /* BackgroundView.swift */,
				510F997429BB4E2600B34C72 /* BaseLayer.swift */,
				510F997A29BD10C700B34C72 /* RadialGradientLayer.swift */,
			);
			path = Background;
			sourceTree = "<group>";
		};
		510E559429CDB19F00D6638C /* Status */ = {
			isa = PBXGroup;
			children = (
				51307E4129C0B99A0080EE05 /* AllStatusView.swift */,
				510E559529CDB2DD00D6638C /* Network */,
				51307E3A29C0A99F0080EE05 /* Dots */,
				51307E3F29C0AF740080EE05 /* StatusView.swift */,
			);
			path = Status;
			sourceTree = "<group>";
		};
		510E559529CDB2DD00D6638C /* Network */ = {
			isa = PBXGroup;
			children = (
				51307E4329C0DE590080EE05 /* NetworkView.swift */,
				51307E4629C0DEBC0080EE05 /* NetworkAnimatableView.swift */,
				51307E4A29C0DFBA0080EE05 /* BaseNetworkView.swift */,
				517EFB1929C3270300DE8C7B /* TimerView.swift */,
				517EFB1B29C32D4B00DE8C7B /* ToastView.swift */,
				51307E4C29C0E4980080EE05 /* BaseNetworkLayer.swift */,
			);
			path = Network;
			sourceTree = "<group>";
		};
		510F998829BE1B5400B34C72 /* Extensions */ = {
			isa = PBXGroup;
			children = (
				510F998929BE1B6B00B34C72 /* UIBezierPath+Extensions.swift */,
				510F998B29BE1E7E00B34C72 /* CGPath+Extensions.swift */,
				51307E3629C0963D0080EE05 /* UIView+Extensions.swift */,
				51307E3829C0997C0080EE05 /* CALayer+Extensions.swift */,
				51D3928029F6DEA8003E8E84 /* UIResponder+Extensions.swift */,
				5164CCF72A337ABC0091052E /* UIImage+Extensions.swift */,
				5164CD122A3756D70091052E /* UIViewController+Extensions.swift */,
				5164CD202A37828A0091052E /* Collection+Extensions.swift */,
				5164CD222A37831E0091052E /* String+Extensions.swift */,
				5164CD242A3783550091052E /* UITextField+Extensions.swift */,
			);
			path = Extensions;
			sourceTree = "<group>";
		};
		51307E3A29C0A99F0080EE05 /* Dots */ = {
			isa = PBXGroup;
			children = (
				51307E3B29C0A9AE0080EE05 /* DotLayer.swift */,
				51307E3D29C0AA3A0080EE05 /* DotsView.swift */,
			);
			path = Dots;
			sourceTree = "<group>";
		};
		5160611D2A409C14004FEE54 /* DTO */ = {
			isa = PBXGroup;
			children = (
				5160611E2A409C14004FEE54 /* ContactDTO.swift */,
				5160611F2A409C14004FEE54 /* UserDTO.swift */,
				518271842A4474FF003E7A29 /* CommonDTO.swift */,
				518271862A447CA9003E7A29 /* TokenDTO.swift */,
			);
			path = DTO;
			sourceTree = "<group>";
		};
		516061222A409C31004FEE54 /* Models */ = {
			isa = PBXGroup;
			children = (
				516061232A409C31004FEE54 /* User.swift */,
				516061242A409C31004FEE54 /* Contact.swift */,
				518271882A44817A003E7A29 /* Token.swift */,
			);
			path = Models;
			sourceTree = "<group>";
		};
		5160612E2A409C3E004FEE54 /* RequestService */ = {
			isa = PBXGroup;
			children = (
				5160612F2A409C3E004FEE54 /* RequestManager.swift */,
				516061302A409C3E004FEE54 /* UserService.swift */,
				516061312A409C3E004FEE54 /* ApiService.swift */,
				516061322A409C3E004FEE54 /* EndpointConfig.swift */,
				516061332A409C3E004FEE54 /* UIError.swift */,
			);
			path = RequestService;
			sourceTree = "<group>";
		};
		5164CCF92A37368F0091052E /* LoginModule */ = {
			isa = PBXGroup;
			children = (
				5164CD292A388E8E0091052E /* Views */,
				5164CD022A3736CE0091052E /* LoginAssembly.swift */,
				5164CCFC2A3736A70091052E /* LoginInteractor.swift */,
				5164CCFE2A3736AE0091052E /* LoginPresenter.swift */,
				5164CCFA2A37369E0091052E /* LoginViewController.swift */,
			);
			path = LoginModule;
			sourceTree = "<group>";
		};
		5164CD282A388E710091052E /* CommonUI */ = {
			isa = PBXGroup;
			children = (
				5164CD1A2A377F010091052E /* FloatingTextFieldView.swift */,
				5164CD182A3775300091052E /* FloatingTextField.swift */,
				5164CD1C2A3780D20091052E /* FloatingTextFieldTextFormatter.swift */,
				5164CD1E2A3781240091052E /* FloatingTextFieldTextProcessor.swift */,
				5160611B2A406F2A004FEE54 /* FloatingTextFieldMask.swift */,
				5164CD262A3889160091052E /* PrimaryButton.swift */,
				51E228032A45C178003A6960 /* ImageFillerView.swift */,
				51E228052A45E182003A6960 /* PagingCollectionViewLayout.swift */,
				51CA569E2A6ADCEF004088CC /* AlertView.swift */,
			);
			path = CommonUI;
			sourceTree = "<group>";
		};
		5164CD292A388E8E0091052E /* Views */ = {
			isa = PBXGroup;
			children = (
				5164CD002A3736B60091052E /* LoginView.swift */,
				5164CD162A3774F30091052E /* FieldsView.swift */,
				5164CD142A3758130091052E /* FilterView.swift */,
			);
			path = Views;
			sourceTree = "<group>";
		};
		517EFB1D29C336B800DE8C7B /* BottomBar */ = {
			isa = PBXGroup;
			children = (
				517EFB1E29C336C700DE8C7B /* BottomBar.swift */,
				517EFB2029C336E400DE8C7B /* BottomButton.swift */,
				517EFB2229C33A5400DE8C7B /* BottomButtonLayer.swift */,
				517EFB2429C4AC9600DE8C7B /* BottomCloseButton.swift */,
			);
			path = BottomBar;
			sourceTree = "<group>";
		};
		5182718A2A45ADD7003E7A29 /* MainScreenModule */ = {
			isa = PBXGroup;
			children = (
				518271952A45B95B003E7A29 /* Views */,
				5182718B2A45ADF2003E7A29 /* MainScreenAssembly.swift */,
				5182718D2A45AE2F003E7A29 /* MainScreenInteractor.swift */,
				5182718F2A45AE6C003E7A29 /* MainScreenPresenter.swift */,
				518271912A45AE97003E7A29 /* MainScreenViewController.swift */,
			);
			path = MainScreenModule;
			sourceTree = "<group>";
		};
		518271952A45B95B003E7A29 /* Views */ = {
			isa = PBXGroup;
			children = (
				51812C752A5325D600D2C7DE /* MainScreenContactView.swift */,
				518271932A45B5E3003E7A29 /* MainScreenView.swift */,
				518271962A45B96B003E7A29 /* MainScreenCollectionViewCell.swift */,
			);
			path = Views;
			sourceTree = "<group>";
		};
		518D5E6D27F5C85D00B78B98 = {
			isa = PBXGroup;
			children = (
				518D5E7827F5C85D00B78B98 /* WaveForm */,
				518D5E7727F5C85D00B78B98 /* Products */,
				4EA2CBE111CAE45BA6206606 /* Pods */,
				A1FEF07C0AC5BF8C471594F2 /* Frameworks */,
			);
			sourceTree = "<group>";
		};
		518D5E7727F5C85D00B78B98 /* Products */ = {
			isa = PBXGroup;
			children = (
				518D5E7627F5C85D00B78B98 /* WaveForm.app */,
			);
			name = Products;
			sourceTree = "<group>";
		};
		518D5E7827F5C85D00B78B98 /* WaveForm */ = {
			isa = PBXGroup;
			children = (
				51AB9AC02A697CEC00D26A4F /* Base */,
				51AB9ABF2A697CD800D26A4F /* Features */,
				51B9BF6429E82B3B00D7B2DD /* StartScreenModule */,
				51B9BF6129E82AFE00D7B2DD /* ViewControllers */,
				51E48B4D29E5AC8C0085088D /* WebRTC */,
				510E559129CDB06600D6638C /* Views */,
				518D5E7927F5C85D00B78B98 /* AppDelegate.swift */,
				518D5E7B27F5C85D00B78B98 /* SceneDelegate.swift */,
				518D5E8227F5C85F00B78B98 /* Assets.xcassets */,
				518D5E8427F5C85F00B78B98 /* LaunchScreen.storyboard */,
				518D5E8727F5C85F00B78B98 /* Info.plist */,
				51307E3429C07DDE0080EE05 /* Media.xcassets */,
				51B9BF6D29E9846F00D7B2DD /* WaveForm.entitlements */,
			);
			path = WaveForm;
			sourceTree = "<group>";
		};
		51A642112A61AEBD00792D74 /* UserDetailsScreenModule */ = {
			isa = PBXGroup;
			children = (
				51A642142A61AF0000792D74 /* Views */,
				51A642172A61B02400792D74 /* UserDetailsScreenAssembly.swift */,
				51A642192A61B07800792D74 /* UserDetailsScreenInteractor.swift */,
				51A6421B2A61B0B900792D74 /* UserDetailsScreenPresenter.swift */,
				51A642122A61AED800792D74 /* UserDetailsScreenViewController.swift */,
			);
			path = UserDetailsScreenModule;
			sourceTree = "<group>";
		};
		51A642142A61AF0000792D74 /* Views */ = {
			isa = PBXGroup;
			children = (
				51A642152A61AF0A00792D74 /* UserDetailsScreenView.swift */,
				518D12FB2A66FB060090EAF3 /* UserDetailsTableViewCell.swift */,
				51AB9ABD2A67E3B900D26A4F /* UserDetailsActionView.swift */,
			);
			path = Views;
			sourceTree = "<group>";
		};
		51A6421D2A61B13600792D74 /* Fonts */ = {
			isa = PBXGroup;
			children = (
				5164CD0B2A3751C20091052E /* GraphikLCG-Bold.otf */,
				5164CD082A3751C10091052E /* GraphikLCG-Light.otf */,
				5164CD092A3751C10091052E /* GraphikLCG-Medium.otf */,
				5164CD062A3751C10091052E /* GraphikLCG-MediumItalic.otf */,
				5164CD0A2A3751C10091052E /* GraphikLCG-Regular.otf */,
				5164CD072A3751C10091052E /* GraphikLCG-RegularItalic.otf */,
			);
			path = Fonts;
			sourceTree = "<group>";
		};
		51AB9ABF2A697CD800D26A4F /* Features */ = {
			isa = PBXGroup;
			children = (
				51CA56902A6ABB53004088CC /* AllContacts */,
				51A642112A61AEBD00792D74 /* UserDetailsScreenModule */,
				5182718A2A45ADD7003E7A29 /* MainScreenModule */,
				5164CCF92A37368F0091052E /* LoginModule */,
			);
			path = Features;
			sourceTree = "<group>";
		};
		51AB9AC02A697CEC00D26A4F /* Base */ = {
			isa = PBXGroup;
			children = (
				510F998829BE1B5400B34C72 /* Extensions */,
				51D3927F29F6DE62003E8E84 /* Utils */,
				5164CD282A388E710091052E /* CommonUI */,
				5160611D2A409C14004FEE54 /* DTO */,
				516061222A409C31004FEE54 /* Models */,
				5160612E2A409C3E004FEE54 /* RequestService */,
			);
			path = Base;
			sourceTree = "<group>";
		};
		51B9BF6129E82AFE00D7B2DD /* ViewControllers */ = {
			isa = PBXGroup;
			children = (
				518D5E7D27F5C85D00B78B98 /* CallViewController.swift */,
			);
			path = ViewControllers;
			sourceTree = "<group>";
		};
		51B9BF6429E82B3B00D7B2DD /* StartScreenModule */ = {
			isa = PBXGroup;
			children = (
				51B9BF6229E82B1200D7B2DD /* StartViewController.swift */,
				51B9BF6529E82B4F00D7B2DD /* StartView.swift */,
				5164CCF52A33785F0091052E /* TestButton.swift */,
			);
			path = StartScreenModule;
			sourceTree = "<group>";
		};
		51B9BF7629EB0E1400D7B2DD /* Camera */ = {
			isa = PBXGroup;
			children = (
				51B9BF7729EB0E2E00D7B2DD /* RemoteVideoView.swift */,
				51B9BF7929EB13A400D7B2DD /* LocalVideoView.swift */,
			);
			path = Camera;
			sourceTree = "<group>";
		};
		51CA56902A6ABB53004088CC /* AllContacts */ = {
			isa = PBXGroup;
			children = (
				51CA56912A6ABB7B004088CC /* Views */,
				51CA56922A6ABB86004088CC /* AllContactsAssemby.swift */,
				51CA56942A6ABC38004088CC /* AllContactsInteractor.swift */,
				51CA56962A6ABC62004088CC /* AllContactsPresenter.swift */,
				51CA56982A6ABC89004088CC /* AllContactsViewController.swift */,
			);
			path = AllContacts;
			sourceTree = "<group>";
		};
		51CA56912A6ABB7B004088CC /* Views */ = {
			isa = PBXGroup;
			children = (
				51CA569A2A6ABCCA004088CC /* AllContactsView.swift */,
				51CA569C2A6ABD39004088CC /* ContactTableViewCell.swift */,
			);
			path = Views;
			sourceTree = "<group>";
		};
		51D3927F29F6DE62003E8E84 /* Utils */ = {
			isa = PBXGroup;
			children = (
				51A6421D2A61B13600792D74 /* Fonts */,
				510E559629CDB3E700D6638C /* MicrophoneMonitor.swift */,
				513F049B29CDF096008E19E7 /* CallStatus.swift */,
				513F049D29CDF200008E19E7 /* CallScreenConfigurator.swift */,
				513F049129CDE8A4008E19E7 /* Colors.swift */,
				513F049329CDEA02008E19E7 /* Images.swift */,
				513F049529CDEA33008E19E7 /* Texts.swift */,
				513F049729CDEA84008E19E7 /* Fonts.swift */,
				5169E83D2A57283C0057C1F4 /* CustomScrollView.swift */,
				51A6420F2A61AE5900792D74 /* TransitionManager.swift */,
				51C951FB2A65929F001C59FB /* TransitionPresenter.swift */,
				51C951FD2A6594E7001C59FB /* SnapshotTransition.swift */,
				518D12F72A66CC620090EAF3 /* TransitionDismisser.swift */,
			);
			path = Utils;
			sourceTree = "<group>";
		};
		51D3928429FC356B003E8E84 /* RateCall */ = {
			isa = PBXGroup;
			children = (
				51D3928229FC2AAC003E8E84 /* RateCallView.swift */,
				51D3928529FC3579003E8E84 /* StarView.swift */,
			);
			path = RateCall;
			sourceTree = "<group>";
		};
		51E48B4D29E5AC8C0085088D /* WebRTC */ = {
			isa = PBXGroup;
			children = (
				51E48B4E29E5AC9D0085088D /* WebRTCClient.swift */,
				51E48B5029E5B2200085088D /* WebSocketWorker.swift */,
				51E48B5229E5B84C0085088D /* SignalingMessage.swift */,
				51B9BF7429EB0A0700D7B2DD /* CameraSession.swift */,
				51D3198229EE9F6D00A8BBAD /* CustomFrameCapturer.swift */,
			);
			path = WebRTC;
			sourceTree = "<group>";
		};
		A1FEF07C0AC5BF8C471594F2 /* Frameworks */ = {
			isa = PBXGroup;
			children = (
				3A2F70FB82ABB2FBEB806BA9 /* Pods_WaveForm.framework */,
			);
			name = Frameworks;
			sourceTree = "<group>";
		};
/* End PBXGroup section */

/* Begin PBXNativeTarget section */
		518D5E7527F5C85D00B78B98 /* WaveForm */ = {
			isa = PBXNativeTarget;
			buildConfigurationList = 518D5E8A27F5C85F00B78B98 /* Build configuration list for PBXNativeTarget "WaveForm" */;
			buildPhases = (
				1B1D9EF35646FFCB85C0D139 /* [CP] Check Pods Manifest.lock */,
				518D5E7227F5C85D00B78B98 /* Sources */,
				518D5E7327F5C85D00B78B98 /* Frameworks */,
				518D5E7427F5C85D00B78B98 /* Resources */,
				0D04E918F39E318551C5943B /* [CP] Embed Pods Frameworks */,
			);
			buildRules = (
			);
			dependencies = (
			);
			name = WaveForm;
			productName = WaveForm;
			productReference = 518D5E7627F5C85D00B78B98 /* WaveForm.app */;
			productType = "com.apple.product-type.application";
		};
/* End PBXNativeTarget section */

/* Begin PBXProject section */
		518D5E6E27F5C85D00B78B98 /* Project object */ = {
			isa = PBXProject;
			attributes = {
				BuildIndependentTargetsInParallel = 1;
				LastSwiftUpdateCheck = 1320;
				LastUpgradeCheck = 1320;
				TargetAttributes = {
					518D5E7527F5C85D00B78B98 = {
						CreatedOnToolsVersion = 13.2;
					};
				};
			};
			buildConfigurationList = 518D5E7127F5C85D00B78B98 /* Build configuration list for PBXProject "WaveForm" */;
			compatibilityVersion = "Xcode 13.0";
			developmentRegion = en;
			hasScannedForEncodings = 0;
			knownRegions = (
				en,
				Base,
			);
			mainGroup = 518D5E6D27F5C85D00B78B98;
			productRefGroup = 518D5E7727F5C85D00B78B98 /* Products */;
			projectDirPath = "";
			projectRoot = "";
			targets = (
				518D5E7527F5C85D00B78B98 /* WaveForm */,
			);
		};
/* End PBXProject section */

/* Begin PBXResourcesBuildPhase section */
		518D5E7427F5C85D00B78B98 /* Resources */ = {
			isa = PBXResourcesBuildPhase;
			buildActionMask = 2147483647;
			files = (
				518D5E8627F5C85F00B78B98 /* LaunchScreen.storyboard in Resources */,
				5164CD0C2A3751C20091052E /* GraphikLCG-MediumItalic.otf in Resources */,
				5164CD0D2A3751C20091052E /* GraphikLCG-RegularItalic.otf in Resources */,
				5164CD0E2A3751C20091052E /* GraphikLCG-Light.otf in Resources */,
				5164CD102A3751C20091052E /* GraphikLCG-Regular.otf in Resources */,
				518D5E8327F5C85F00B78B98 /* Assets.xcassets in Resources */,
				51307E3529C07DDE0080EE05 /* Media.xcassets in Resources */,
				5164CD0F2A3751C20091052E /* GraphikLCG-Medium.otf in Resources */,
				5164CD112A3751C20091052E /* GraphikLCG-Bold.otf in Resources */,
			);
			runOnlyForDeploymentPostprocessing = 0;
		};
/* End PBXResourcesBuildPhase section */

/* Begin PBXShellScriptBuildPhase section */
		0D04E918F39E318551C5943B /* [CP] Embed Pods Frameworks */ = {
			isa = PBXShellScriptBuildPhase;
			buildActionMask = 2147483647;
			files = (
			);
			inputFileListPaths = (
				"${PODS_ROOT}/Target Support Files/Pods-WaveForm/Pods-WaveForm-frameworks-${CONFIGURATION}-input-files.xcfilelist",
			);
			name = "[CP] Embed Pods Frameworks";
			outputFileListPaths = (
				"${PODS_ROOT}/Target Support Files/Pods-WaveForm/Pods-WaveForm-frameworks-${CONFIGURATION}-output-files.xcfilelist",
			);
			runOnlyForDeploymentPostprocessing = 0;
			shellPath = /bin/sh;
			shellScript = "\"${PODS_ROOT}/Target Support Files/Pods-WaveForm/Pods-WaveForm-frameworks.sh\"\n";
			showEnvVarsInLog = 0;
		};
		1B1D9EF35646FFCB85C0D139 /* [CP] Check Pods Manifest.lock */ = {
			isa = PBXShellScriptBuildPhase;
			buildActionMask = 2147483647;
			files = (
			);
			inputFileListPaths = (
			);
			inputPaths = (
				"${PODS_PODFILE_DIR_PATH}/Podfile.lock",
				"${PODS_ROOT}/Manifest.lock",
			);
			name = "[CP] Check Pods Manifest.lock";
			outputFileListPaths = (
			);
			outputPaths = (
				"$(DERIVED_FILE_DIR)/Pods-WaveForm-checkManifestLockResult.txt",
			);
			runOnlyForDeploymentPostprocessing = 0;
			shellPath = /bin/sh;
			shellScript = "diff \"${PODS_PODFILE_DIR_PATH}/Podfile.lock\" \"${PODS_ROOT}/Manifest.lock\" > /dev/null\nif [ $? != 0 ] ; then\n    # print error to STDERR\n    echo \"error: The sandbox is not in sync with the Podfile.lock. Run 'pod install' or update your CocoaPods installation.\" >&2\n    exit 1\nfi\n# This output is used by Xcode 'outputs' to avoid re-running this script phase.\necho \"SUCCESS\" > \"${SCRIPT_OUTPUT_FILE_0}\"\n";
			showEnvVarsInLog = 0;
		};
/* End PBXShellScriptBuildPhase section */

/* Begin PBXSourcesBuildPhase section */
		518D5E7227F5C85D00B78B98 /* Sources */ = {
			isa = PBXSourcesBuildPhase;
			buildActionMask = 2147483647;
			files = (
				51307E3929C0997C0080EE05 /* CALayer+Extensions.swift in Sources */,
				517EFB2529C4AC9600DE8C7B /* BottomCloseButton.swift in Sources */,
				51307E4729C0DEBC0080EE05 /* NetworkAnimatableView.swift in Sources */,
				510F997529BB4E2600B34C72 /* BaseLayer.swift in Sources */,
				51C951FC2A65929F001C59FB /* TransitionPresenter.swift in Sources */,
				513F049E29CDF200008E19E7 /* CallScreenConfigurator.swift in Sources */,
				51E48B5129E5B2200085088D /* WebSocketWorker.swift in Sources */,
				516061212A409C15004FEE54 /* UserDTO.swift in Sources */,
				516061202A409C15004FEE54 /* ContactDTO.swift in Sources */,
				5164CD1D2A3780D20091052E /* FloatingTextFieldTextFormatter.swift in Sources */,
				51D3928129F6DEA8003E8E84 /* UIResponder+Extensions.swift in Sources */,
				516061342A409C3E004FEE54 /* RequestManager.swift in Sources */,
				51CA56932A6ABB86004088CC /* AllContactsAssemby.swift in Sources */,
				517EFB1C29C32D4B00DE8C7B /* ToastView.swift in Sources */,
				51D3928629FC3579003E8E84 /* StarView.swift in Sources */,
				518D12F82A66CC620090EAF3 /* TransitionDismisser.swift in Sources */,
				5164CCFF2A3736AE0091052E /* LoginPresenter.swift in Sources */,
				5169E83E2A57283C0057C1F4 /* CustomScrollView.swift in Sources */,
				516061352A409C3E004FEE54 /* UserService.swift in Sources */,
				51A6421C2A61B0B900792D74 /* UserDetailsScreenPresenter.swift in Sources */,
				51A642102A61AE5900792D74 /* TransitionManager.swift in Sources */,
				5164CD012A3736B60091052E /* LoginView.swift in Sources */,
				51CA569B2A6ABCCA004088CC /* AllContactsView.swift in Sources */,
				51C951FE2A6594E7001C59FB /* SnapshotTransition.swift in Sources */,
				51CA56992A6ABC89004088CC /* AllContactsViewController.swift in Sources */,
				51E48B4F29E5AC9D0085088D /* WebRTCClient.swift in Sources */,
				51307E4029C0AF740080EE05 /* StatusView.swift in Sources */,
				5164CD272A3889160091052E /* PrimaryButton.swift in Sources */,
				510F997B29BD10C700B34C72 /* RadialGradientLayer.swift in Sources */,
				51B9BF7A29EB13A400D7B2DD /* LocalVideoView.swift in Sources */,
				513F049429CDEA02008E19E7 /* Images.swift in Sources */,
				5164CCFB2A37369E0091052E /* LoginViewController.swift in Sources */,
				513F049629CDEA33008E19E7 /* Texts.swift in Sources */,
				5164CCF82A337ABC0091052E /* UIImage+Extensions.swift in Sources */,
				518271972A45B96B003E7A29 /* MainScreenCollectionViewCell.swift in Sources */,
				510F997D29BD347800B34C72 /* ContentableView.swift in Sources */,
				518D12FC2A66FB060090EAF3 /* UserDetailsTableViewCell.swift in Sources */,
				516061252A409C31004FEE54 /* User.swift in Sources */,
				518271852A4474FF003E7A29 /* CommonDTO.swift in Sources */,
				5182718E2A45AE2F003E7A29 /* MainScreenInteractor.swift in Sources */,
				51307E4B29C0DFBA0080EE05 /* BaseNetworkView.swift in Sources */,
				510F998729BE10E400B34C72 /* LiquidLayer.swift in Sources */,
				516061262A409C31004FEE54 /* Contact.swift in Sources */,
				51CA56952A6ABC38004088CC /* AllContactsInteractor.swift in Sources */,
				51E228062A45E182003A6960 /* PagingCollectionViewLayout.swift in Sources */,
				5164CD132A3756D70091052E /* UIViewController+Extensions.swift in Sources */,
				517EFB2329C33A5400DE8C7B /* BottomButtonLayer.swift in Sources */,
				510F998C29BE1E7E00B34C72 /* CGPath+Extensions.swift in Sources */,
				5182718C2A45ADF2003E7A29 /* MainScreenAssembly.swift in Sources */,
				5160611C2A406F2A004FEE54 /* FloatingTextFieldMask.swift in Sources */,
				518D5E7E27F5C85D00B78B98 /* CallViewController.swift in Sources */,
				51B9BF6629E82B4F00D7B2DD /* StartView.swift in Sources */,
				51CA569D2A6ABD39004088CC /* ContactTableViewCell.swift in Sources */,
				5164CD232A37831E0091052E /* String+Extensions.swift in Sources */,
				51307E4429C0DE590080EE05 /* NetworkView.swift in Sources */,
				51D3198329EE9F6D00A8BBAD /* CustomFrameCapturer.swift in Sources */,
				513F049829CDEA84008E19E7 /* Fonts.swift in Sources */,
				516061362A409C3E004FEE54 /* ApiService.swift in Sources */,
				51CA56972A6ABC62004088CC /* AllContactsPresenter.swift in Sources */,
				518D5E7A27F5C85D00B78B98 /* AppDelegate.swift in Sources */,
				5164CD192A3775300091052E /* FloatingTextField.swift in Sources */,
				5164CCFD2A3736A70091052E /* LoginInteractor.swift in Sources */,
				51812C762A5325D600D2C7DE /* MainScreenContactView.swift in Sources */,
				51A6421A2A61B07800792D74 /* UserDetailsScreenInteractor.swift in Sources */,
				513F049C29CDF096008E19E7 /* CallStatus.swift in Sources */,
				51CA569F2A6ADCEF004088CC /* AlertView.swift in Sources */,
				51E228042A45C178003A6960 /* ImageFillerView.swift in Sources */,
				5164CD152A3758130091052E /* FilterView.swift in Sources */,
				518271872A447CA9003E7A29 /* TokenDTO.swift in Sources */,
				510F998529BE0D9400B34C72 /* LiquidView.swift in Sources */,
				5164CD1B2A377F010091052E /* FloatingTextFieldView.swift in Sources */,
				51B9BF7529EB0A0700D7B2DD /* CameraSession.swift in Sources */,
				5164CD032A3736CE0091052E /* LoginAssembly.swift in Sources */,
				518271942A45B5E3003E7A29 /* MainScreenView.swift in Sources */,
				51AB9ABE2A67E3B900D26A4F /* UserDetailsActionView.swift in Sources */,
				51307E4229C0B99A0080EE05 /* AllStatusView.swift in Sources */,
				5164CD252A3783550091052E /* UITextField+Extensions.swift in Sources */,
				518271902A45AE6C003E7A29 /* MainScreenPresenter.swift in Sources */,
				51A642182A61B02400792D74 /* UserDetailsScreenAssembly.swift in Sources */,
				51E48B5329E5B84C0085088D /* SignalingMessage.swift in Sources */,
				517EFB1F29C336C700DE8C7B /* BottomBar.swift in Sources */,
				51307E3C29C0A9AE0080EE05 /* DotLayer.swift in Sources */,
				510E559729CDB3E700D6638C /* MicrophoneMonitor.swift in Sources */,
				5164CD1F2A3781240091052E /* FloatingTextFieldTextProcessor.swift in Sources */,
				51A642132A61AED800792D74 /* UserDetailsScreenViewController.swift in Sources */,
				518271922A45AE97003E7A29 /* MainScreenViewController.swift in Sources */,
				5164CCF62A33785F0091052E /* TestButton.swift in Sources */,
				513F049229CDE8A4008E19E7 /* Colors.swift in Sources */,
				51307E3729C0963D0080EE05 /* UIView+Extensions.swift in Sources */,
				5164CD172A3774F30091052E /* FieldsView.swift in Sources */,
				510F998A29BE1B6B00B34C72 /* UIBezierPath+Extensions.swift in Sources */,
				51307E3E29C0AA3A0080EE05 /* DotsView.swift in Sources */,
				510F997929BD0D8600B34C72 /* BackgroundView.swift in Sources */,
				51D3928329FC2AAD003E8E84 /* RateCallView.swift in Sources */,
				51B9BF6329E82B1200D7B2DD /* StartViewController.swift in Sources */,
				518271892A44817B003E7A29 /* Token.swift in Sources */,
				51A642162A61AF0A00792D74 /* UserDetailsScreenView.swift in Sources */,
				517EFB1A29C3270300DE8C7B /* TimerView.swift in Sources */,
				518D5E7C27F5C85D00B78B98 /* SceneDelegate.swift in Sources */,
				517EFB2129C336E400DE8C7B /* BottomButton.swift in Sources */,
				51307E4D29C0E4980080EE05 /* BaseNetworkLayer.swift in Sources */,
				5164CD212A37828A0091052E /* Collection+Extensions.swift in Sources */,
				516061372A409C3E004FEE54 /* EndpointConfig.swift in Sources */,
				51B9BF7829EB0E2E00D7B2DD /* RemoteVideoView.swift in Sources */,
				516061382A409C3E004FEE54 /* UIError.swift in Sources */,
			);
			runOnlyForDeploymentPostprocessing = 0;
		};
/* End PBXSourcesBuildPhase section */

/* Begin PBXVariantGroup section */
		518D5E8427F5C85F00B78B98 /* LaunchScreen.storyboard */ = {
			isa = PBXVariantGroup;
			children = (
				518D5E8527F5C85F00B78B98 /* Base */,
			);
			name = LaunchScreen.storyboard;
			sourceTree = "<group>";
		};
/* End PBXVariantGroup section */

/* Begin XCBuildConfiguration section */
		518D5E8827F5C85F00B78B98 /* Debug */ = {
			isa = XCBuildConfiguration;
			buildSettings = {
				ALWAYS_SEARCH_USER_PATHS = NO;
				CLANG_ANALYZER_NONNULL = YES;
				CLANG_ANALYZER_NUMBER_OBJECT_CONVERSION = YES_AGGRESSIVE;
				CLANG_CXX_LANGUAGE_STANDARD = "gnu++17";
				CLANG_CXX_LIBRARY = "libc++";
				CLANG_ENABLE_MODULES = YES;
				CLANG_ENABLE_OBJC_ARC = YES;
				CLANG_ENABLE_OBJC_WEAK = YES;
				CLANG_WARN_BLOCK_CAPTURE_AUTORELEASING = YES;
				CLANG_WARN_BOOL_CONVERSION = YES;
				CLANG_WARN_COMMA = YES;
				CLANG_WARN_CONSTANT_CONVERSION = YES;
				CLANG_WARN_DEPRECATED_OBJC_IMPLEMENTATIONS = YES;
				CLANG_WARN_DIRECT_OBJC_ISA_USAGE = YES_ERROR;
				CLANG_WARN_DOCUMENTATION_COMMENTS = YES;
				CLANG_WARN_EMPTY_BODY = YES;
				CLANG_WARN_ENUM_CONVERSION = YES;
				CLANG_WARN_INFINITE_RECURSION = YES;
				CLANG_WARN_INT_CONVERSION = YES;
				CLANG_WARN_NON_LITERAL_NULL_CONVERSION = YES;
				CLANG_WARN_OBJC_IMPLICIT_RETAIN_SELF = YES;
				CLANG_WARN_OBJC_LITERAL_CONVERSION = YES;
				CLANG_WARN_OBJC_ROOT_CLASS = YES_ERROR;
				CLANG_WARN_QUOTED_INCLUDE_IN_FRAMEWORK_HEADER = YES;
				CLANG_WARN_RANGE_LOOP_ANALYSIS = YES;
				CLANG_WARN_STRICT_PROTOTYPES = YES;
				CLANG_WARN_SUSPICIOUS_MOVE = YES;
				CLANG_WARN_UNGUARDED_AVAILABILITY = YES_AGGRESSIVE;
				CLANG_WARN_UNREACHABLE_CODE = YES;
				CLANG_WARN__DUPLICATE_METHOD_MATCH = YES;
				COPY_PHASE_STRIP = NO;
				DEBUG_INFORMATION_FORMAT = dwarf;
				ENABLE_STRICT_OBJC_MSGSEND = YES;
				ENABLE_TESTABILITY = YES;
				GCC_C_LANGUAGE_STANDARD = gnu11;
				GCC_DYNAMIC_NO_PIC = NO;
				GCC_NO_COMMON_BLOCKS = YES;
				GCC_OPTIMIZATION_LEVEL = 0;
				GCC_PREPROCESSOR_DEFINITIONS = (
					"DEBUG=1",
					"$(inherited)",
				);
				GCC_WARN_64_TO_32_BIT_CONVERSION = YES;
				GCC_WARN_ABOUT_RETURN_TYPE = YES_ERROR;
				GCC_WARN_UNDECLARED_SELECTOR = YES;
				GCC_WARN_UNINITIALIZED_AUTOS = YES_AGGRESSIVE;
				GCC_WARN_UNUSED_FUNCTION = YES;
				GCC_WARN_UNUSED_VARIABLE = YES;
				IPHONEOS_DEPLOYMENT_TARGET = 15.2;
				MTL_ENABLE_DEBUG_INFO = INCLUDE_SOURCE;
				MTL_FAST_MATH = YES;
				ONLY_ACTIVE_ARCH = YES;
				SDKROOT = iphoneos;
				SWIFT_ACTIVE_COMPILATION_CONDITIONS = DEBUG;
				SWIFT_OPTIMIZATION_LEVEL = "-Onone";
			};
			name = Debug;
		};
		518D5E8927F5C85F00B78B98 /* Release */ = {
			isa = XCBuildConfiguration;
			buildSettings = {
				ALWAYS_SEARCH_USER_PATHS = NO;
				CLANG_ANALYZER_NONNULL = YES;
				CLANG_ANALYZER_NUMBER_OBJECT_CONVERSION = YES_AGGRESSIVE;
				CLANG_CXX_LANGUAGE_STANDARD = "gnu++17";
				CLANG_CXX_LIBRARY = "libc++";
				CLANG_ENABLE_MODULES = YES;
				CLANG_ENABLE_OBJC_ARC = YES;
				CLANG_ENABLE_OBJC_WEAK = YES;
				CLANG_WARN_BLOCK_CAPTURE_AUTORELEASING = YES;
				CLANG_WARN_BOOL_CONVERSION = YES;
				CLANG_WARN_COMMA = YES;
				CLANG_WARN_CONSTANT_CONVERSION = YES;
				CLANG_WARN_DEPRECATED_OBJC_IMPLEMENTATIONS = YES;
				CLANG_WARN_DIRECT_OBJC_ISA_USAGE = YES_ERROR;
				CLANG_WARN_DOCUMENTATION_COMMENTS = YES;
				CLANG_WARN_EMPTY_BODY = YES;
				CLANG_WARN_ENUM_CONVERSION = YES;
				CLANG_WARN_INFINITE_RECURSION = YES;
				CLANG_WARN_INT_CONVERSION = YES;
				CLANG_WARN_NON_LITERAL_NULL_CONVERSION = YES;
				CLANG_WARN_OBJC_IMPLICIT_RETAIN_SELF = YES;
				CLANG_WARN_OBJC_LITERAL_CONVERSION = YES;
				CLANG_WARN_OBJC_ROOT_CLASS = YES_ERROR;
				CLANG_WARN_QUOTED_INCLUDE_IN_FRAMEWORK_HEADER = YES;
				CLANG_WARN_RANGE_LOOP_ANALYSIS = YES;
				CLANG_WARN_STRICT_PROTOTYPES = YES;
				CLANG_WARN_SUSPICIOUS_MOVE = YES;
				CLANG_WARN_UNGUARDED_AVAILABILITY = YES_AGGRESSIVE;
				CLANG_WARN_UNREACHABLE_CODE = YES;
				CLANG_WARN__DUPLICATE_METHOD_MATCH = YES;
				COPY_PHASE_STRIP = NO;
				DEBUG_INFORMATION_FORMAT = "dwarf-with-dsym";
				ENABLE_NS_ASSERTIONS = NO;
				ENABLE_STRICT_OBJC_MSGSEND = YES;
				GCC_C_LANGUAGE_STANDARD = gnu11;
				GCC_NO_COMMON_BLOCKS = YES;
				GCC_WARN_64_TO_32_BIT_CONVERSION = YES;
				GCC_WARN_ABOUT_RETURN_TYPE = YES_ERROR;
				GCC_WARN_UNDECLARED_SELECTOR = YES;
				GCC_WARN_UNINITIALIZED_AUTOS = YES_AGGRESSIVE;
				GCC_WARN_UNUSED_FUNCTION = YES;
				GCC_WARN_UNUSED_VARIABLE = YES;
				IPHONEOS_DEPLOYMENT_TARGET = 15.2;
				MTL_ENABLE_DEBUG_INFO = NO;
				MTL_FAST_MATH = YES;
				SDKROOT = iphoneos;
				SWIFT_COMPILATION_MODE = wholemodule;
				SWIFT_OPTIMIZATION_LEVEL = "-O";
				VALIDATE_PRODUCT = YES;
			};
			name = Release;
		};
		518D5E8B27F5C85F00B78B98 /* Debug */ = {
			isa = XCBuildConfiguration;
			baseConfigurationReference = 7266122D0D4CFE1A8F715BEE /* Pods-WaveForm.debug.xcconfig */;
			buildSettings = {
				ASSETCATALOG_COMPILER_APPICON_NAME = AppIcon;
				ASSETCATALOG_COMPILER_GLOBAL_ACCENT_COLOR_NAME = AccentColor;
				CODE_SIGN_ENTITLEMENTS = WaveForm/WaveForm.entitlements;
				CODE_SIGN_IDENTITY = "Apple Development";
				CODE_SIGN_STYLE = Automatic;
				CURRENT_PROJECT_VERSION = 1;
				DEVELOPMENT_TEAM = 7UK44XWDUK;
				"EXCLUDED_ARCHS[sdk=iphonesimulator*]" = "[\"arm64\"]";
				GENERATE_INFOPLIST_FILE = YES;
				INFOPLIST_FILE = WaveForm/Info.plist;
				INFOPLIST_KEY_NSCameraUsageDescription = "$(PRODUCT_NAME) camera use";
				INFOPLIST_KEY_NSMicrophoneUsageDescription = "Want to determine your voice";
				INFOPLIST_KEY_UIApplicationSupportsIndirectInputEvents = YES;
				INFOPLIST_KEY_UILaunchStoryboardName = LaunchScreen;
				INFOPLIST_KEY_UISupportedInterfaceOrientations = UIInterfaceOrientationPortrait;
				INFOPLIST_KEY_UISupportedInterfaceOrientations_iPad = "UIInterfaceOrientationLandscapeLeft UIInterfaceOrientationLandscapeRight UIInterfaceOrientationPortrait UIInterfaceOrientationPortraitUpsideDown";
				IPHONEOS_DEPLOYMENT_TARGET = 15.0;
				LD_RUNPATH_SEARCH_PATHS = (
					"$(inherited)",
					"@executable_path/Frameworks",
				);
				MARKETING_VERSION = 1.0;
				PRODUCT_BUNDLE_IDENTIFIER = com.eugenilazakovich.WaveForm2;
				PRODUCT_NAME = "$(TARGET_NAME)";
				PROVISIONING_PROFILE_SPECIFIER = "";
				SWIFT_EMIT_LOC_STRINGS = YES;
				SWIFT_VERSION = 5.0;
				TARGETED_DEVICE_FAMILY = "1,2";
			};
			name = Debug;
		};
		518D5E8C27F5C85F00B78B98 /* Release */ = {
			isa = XCBuildConfiguration;
			baseConfigurationReference = EBB606A4E9585717E1FD47CC /* Pods-WaveForm.release.xcconfig */;
			buildSettings = {
				ASSETCATALOG_COMPILER_APPICON_NAME = AppIcon;
				ASSETCATALOG_COMPILER_GLOBAL_ACCENT_COLOR_NAME = AccentColor;
				CODE_SIGN_ENTITLEMENTS = WaveForm/WaveForm.entitlements;
				CODE_SIGN_IDENTITY = "Apple Development";
				CODE_SIGN_STYLE = Automatic;
				CURRENT_PROJECT_VERSION = 1;
				DEVELOPMENT_TEAM = 7UK44XWDUK;
				GENERATE_INFOPLIST_FILE = YES;
				INFOPLIST_FILE = WaveForm/Info.plist;
				INFOPLIST_KEY_NSCameraUsageDescription = "$(PRODUCT_NAME) camera use";
				INFOPLIST_KEY_NSMicrophoneUsageDescription = "Want to determine your voice";
				INFOPLIST_KEY_UIApplicationSupportsIndirectInputEvents = YES;
				INFOPLIST_KEY_UILaunchStoryboardName = LaunchScreen;
				INFOPLIST_KEY_UISupportedInterfaceOrientations = UIInterfaceOrientationPortrait;
				INFOPLIST_KEY_UISupportedInterfaceOrientations_iPad = "UIInterfaceOrientationLandscapeLeft UIInterfaceOrientationLandscapeRight UIInterfaceOrientationPortrait UIInterfaceOrientationPortraitUpsideDown";
				IPHONEOS_DEPLOYMENT_TARGET = 15.0;
				LD_RUNPATH_SEARCH_PATHS = (
					"$(inherited)",
					"@executable_path/Frameworks",
				);
				MARKETING_VERSION = 1.0;
				PRODUCT_BUNDLE_IDENTIFIER = com.eugenilazakovich.WaveForm2;
				PRODUCT_NAME = "$(TARGET_NAME)";
				PROVISIONING_PROFILE_SPECIFIER = "";
				SWIFT_EMIT_LOC_STRINGS = YES;
				SWIFT_VERSION = 5.0;
				TARGETED_DEVICE_FAMILY = "1,2";
			};
			name = Release;
		};
/* End XCBuildConfiguration section */

/* Begin XCConfigurationList section */
		518D5E7127F5C85D00B78B98 /* Build configuration list for PBXProject "WaveForm" */ = {
			isa = XCConfigurationList;
			buildConfigurations = (
				518D5E8827F5C85F00B78B98 /* Debug */,
				518D5E8927F5C85F00B78B98 /* Release */,
			);
			defaultConfigurationIsVisible = 0;
			defaultConfigurationName = Release;
		};
		518D5E8A27F5C85F00B78B98 /* Build configuration list for PBXNativeTarget "WaveForm" */ = {
			isa = XCConfigurationList;
			buildConfigurations = (
				518D5E8B27F5C85F00B78B98 /* Debug */,
				518D5E8C27F5C85F00B78B98 /* Release */,
			);
			defaultConfigurationIsVisible = 0;
			defaultConfigurationName = Release;
		};
/* End XCConfigurationList section */
	};
	rootObject = 518D5E6E27F5C85D00B78B98 /* Project object */;
}
